
Microsoft Visual Studio Solution File, Format Version 12.00
# Visual Studio Version 16
VisualStudioVersion = 16.0.29709.97
MinimumVisualStudioVersion = 10.0.40219.1
Project("{9A19103F-16F7-4668-BE54-9A1E7A4F7556}") = "Engine", "Engine\Engine.csproj", "{3A81126F-59DB-4088-AFCA-69ACBDB814EA}"
	ProjectSection(ProjectDependencies) = postProject
		{4CE1B85D-B268-4CFF-8C8A-820040374010} = {4CE1B85D-B268-4CFF-8C8A-820040374010}
		{B88D0078-A987-4EAD-9270-B0939E3D2599} = {B88D0078-A987-4EAD-9270-B0939E3D2599}
		{8EB73B78-A2D3-4064-B4F9-99C86210B0A4} = {8EB73B78-A2D3-4064-B4F9-99C86210B0A4}
		{AD2BCECC-D1BD-42FC-8C8C-223D510CBB5F} = {AD2BCECC-D1BD-42FC-8C8C-223D510CBB5F}
		{2FDCA4EF-9CCF-4313-A378-7D2A8DAA4CC7} = {2FDCA4EF-9CCF-4313-A378-7D2A8DAA4CC7}
	EndProjectSection
EndProject
Project("{FAE04EC0-301F-11D3-BF4B-00C04F79EFBC}") = "WindowsGame", "WindowsGame\WindowsGame.csproj", "{15DDCB85-7D17-49D3-A255-A9D08D4D81B5}"
	ProjectSection(ProjectDependencies) = postProject
		{4CE1B85D-B268-4CFF-8C8A-820040374010} = {4CE1B85D-B268-4CFF-8C8A-820040374010}
		{B88D0078-A987-4EAD-9270-B0939E3D2599} = {B88D0078-A987-4EAD-9270-B0939E3D2599}
		{8EB73B78-A2D3-4064-B4F9-99C86210B0A4} = {8EB73B78-A2D3-4064-B4F9-99C86210B0A4}
		{AD2BCECC-D1BD-42FC-8C8C-223D510CBB5F} = {AD2BCECC-D1BD-42FC-8C8C-223D510CBB5F}
	EndProjectSection
EndProject
Project("{9A19103F-16F7-4668-BE54-9A1E7A4F7556}") = "Players", "Players\Players.csproj", "{4CE1B85D-B268-4CFF-8C8A-820040374010}"
EndProject
Project("{9A19103F-16F7-4668-BE54-9A1E7A4F7556}") = "HexLibrary", "HexLibrary\HexLibrary.csproj", "{8EB73B78-A2D3-4064-B4F9-99C86210B0A4}"
EndProject
Project("{9A19103F-16F7-4668-BE54-9A1E7A4F7556}") = "Tests", "Tests\Tests.csproj", "{6184A89C-8883-4128-BE4D-502E027DED28}"
	ProjectSection(ProjectDependencies) = postProject
		{4CE1B85D-B268-4CFF-8C8A-820040374010} = {4CE1B85D-B268-4CFF-8C8A-820040374010}
		{3A81126F-59DB-4088-AFCA-69ACBDB814EA} = {3A81126F-59DB-4088-AFCA-69ACBDB814EA}
	EndProjectSection
EndProject
Project("{9A19103F-16F7-4668-BE54-9A1E7A4F7556}") = "DozerPlayer", "DozerPlayer\DozerPlayer.csproj", "{D072639E-54E2-48CC-96E1-AFAE691148C1}"
EndProject
Project("{9A19103F-16F7-4668-BE54-9A1E7A4F7556}") = "HumanPlayer", "HumanPlayer\HumanPlayer.csproj", "{CBD17EB6-491C-4659-A0B9-B31948B3DD0D}"
EndProject
Project("{9A19103F-16F7-4668-BE54-9A1E7A4F7556}") = "RandomPlayer", "RandomPlayer\RandomPlayer.csproj", "{26D3BF77-BF63-4EE4-BD7B-560142085DBA}"
EndProject
Project("{9A19103F-16F7-4668-BE54-9A1E7A4F7556}") = "PlaybackPlayer", "PlaybackPlayer\PlaybackPlayer.csproj", "{68D593C6-2EFE-4CD6-AF84-FFCA50035A44}"
EndProject
Project("{9A19103F-16F7-4668-BE54-9A1E7A4F7556}") = "MinimaxPlayer", "MinimaxPlayer\MinimaxPlayer.csproj", "{8BC6D7D5-2E12-4252-8C39-8A6004286381}"
EndProject
Project("{9A19103F-16F7-4668-BE54-9A1E7A4F7556}") = "NegamaxPlayer", "NegamaxPlayer\NegamaxPlayer.csproj", "{B88D0078-A987-4EAD-9270-B0939E3D2599}"
	ProjectSection(ProjectDependencies) = postProject
		{4CE1B85D-B268-4CFF-8C8A-820040374010} = {4CE1B85D-B268-4CFF-8C8A-820040374010}
	EndProjectSection
EndProject
Project("{2150E333-8FDC-42A3-9474-1A3956D46DE8}") = "PlayerModules", "PlayerModules", "{D412CF61-C65C-4B07-A828-4988595E87D3}"
EndProject
Project("{2150E333-8FDC-42A3-9474-1A3956D46DE8}") = "Common", "Common", "{09B171E8-0FB1-493C-8512-6C0B60B630B2}"
EndProject
Project("{9A19103F-16F7-4668-BE54-9A1E7A4F7556}") = "MonteCarloPlayer", "MonteCarloPlayer\MonteCarloPlayer.csproj", "{2FDCA4EF-9CCF-4313-A378-7D2A8DAA4CC7}"
EndProject
Project("{FAE04EC0-301F-11D3-BF4B-00C04F79EFBC}") = "Data", "Data\Data.csproj", "{AD2BCECC-D1BD-42FC-8C8C-223D510CBB5F}"
EndProject
Global
	GlobalSection(SolutionConfigurationPlatforms) = preSolution
		Debug|Any CPU = Debug|Any CPU
		Release|Any CPU = Release|Any CPU
	EndGlobalSection
	GlobalSection(ProjectConfigurationPlatforms) = postSolution
		{3A81126F-59DB-4088-AFCA-69ACBDB814EA}.Debug|Any CPU.ActiveCfg = Debug|Any CPU
		{3A81126F-59DB-4088-AFCA-69ACBDB814EA}.Debug|Any CPU.Build.0 = Debug|Any CPU
		{3A81126F-59DB-4088-AFCA-69ACBDB814EA}.Release|Any CPU.ActiveCfg = Release|Any CPU
		{3A81126F-59DB-4088-AFCA-69ACBDB814EA}.Release|Any CPU.Build.0 = Release|Any CPU
		{15DDCB85-7D17-49D3-A255-A9D08D4D81B5}.Debug|Any CPU.ActiveCfg = Debug|Any CPU
		{15DDCB85-7D17-49D3-A255-A9D08D4D81B5}.Debug|Any CPU.Build.0 = Debug|Any CPU
		{15DDCB85-7D17-49D3-A255-A9D08D4D81B5}.Release|Any CPU.ActiveCfg = Release|Any CPU
		{15DDCB85-7D17-49D3-A255-A9D08D4D81B5}.Release|Any CPU.Build.0 = Release|Any CPU
		{4CE1B85D-B268-4CFF-8C8A-820040374010}.Debug|Any CPU.ActiveCfg = Debug|Any CPU
		{4CE1B85D-B268-4CFF-8C8A-820040374010}.Debug|Any CPU.Build.0 = Debug|Any CPU
		{4CE1B85D-B268-4CFF-8C8A-820040374010}.Release|Any CPU.ActiveCfg = Release|Any CPU
		{4CE1B85D-B268-4CFF-8C8A-820040374010}.Release|Any CPU.Build.0 = Release|Any CPU
		{8EB73B78-A2D3-4064-B4F9-99C86210B0A4}.Debug|Any CPU.ActiveCfg = Debug|Any CPU
		{8EB73B78-A2D3-4064-B4F9-99C86210B0A4}.Debug|Any CPU.Build.0 = Debug|Any CPU
		{8EB73B78-A2D3-4064-B4F9-99C86210B0A4}.Release|Any CPU.ActiveCfg = Release|Any CPU
		{8EB73B78-A2D3-4064-B4F9-99C86210B0A4}.Release|Any CPU.Build.0 = Release|Any CPU
		{6184A89C-8883-4128-BE4D-502E027DED28}.Debug|Any CPU.ActiveCfg = Debug|Any CPU
		{6184A89C-8883-4128-BE4D-502E027DED28}.Debug|Any CPU.Build.0 = Debug|Any CPU
		{6184A89C-8883-4128-BE4D-502E027DED28}.Release|Any CPU.ActiveCfg = Release|Any CPU
		{6184A89C-8883-4128-BE4D-502E027DED28}.Release|Any CPU.Build.0 = Release|Any CPU
		{D072639E-54E2-48CC-96E1-AFAE691148C1}.Debug|Any CPU.ActiveCfg = Debug|Any CPU
		{D072639E-54E2-48CC-96E1-AFAE691148C1}.Debug|Any CPU.Build.0 = Debug|Any CPU
		{D072639E-54E2-48CC-96E1-AFAE691148C1}.Release|Any CPU.ActiveCfg = Release|Any CPU
		{D072639E-54E2-48CC-96E1-AFAE691148C1}.Release|Any CPU.Build.0 = Release|Any CPU
		{CBD17EB6-491C-4659-A0B9-B31948B3DD0D}.Debug|Any CPU.ActiveCfg = Debug|Any CPU
		{CBD17EB6-491C-4659-A0B9-B31948B3DD0D}.Debug|Any CPU.Build.0 = Debug|Any CPU
		{CBD17EB6-491C-4659-A0B9-B31948B3DD0D}.Release|Any CPU.ActiveCfg = Release|Any CPU
		{CBD17EB6-491C-4659-A0B9-B31948B3DD0D}.Release|Any CPU.Build.0 = Release|Any CPU
		{26D3BF77-BF63-4EE4-BD7B-560142085DBA}.Debug|Any CPU.ActiveCfg = Debug|Any CPU
		{26D3BF77-BF63-4EE4-BD7B-560142085DBA}.Debug|Any CPU.Build.0 = Debug|Any CPU
		{26D3BF77-BF63-4EE4-BD7B-560142085DBA}.Release|Any CPU.ActiveCfg = Release|Any CPU
		{26D3BF77-BF63-4EE4-BD7B-560142085DBA}.Release|Any CPU.Build.0 = Release|Any CPU
		{68D593C6-2EFE-4CD6-AF84-FFCA50035A44}.Debug|Any CPU.ActiveCfg = Debug|Any CPU
		{68D593C6-2EFE-4CD6-AF84-FFCA50035A44}.Debug|Any CPU.Build.0 = Debug|Any CPU
		{68D593C6-2EFE-4CD6-AF84-FFCA50035A44}.Release|Any CPU.ActiveCfg = Release|Any CPU
		{68D593C6-2EFE-4CD6-AF84-FFCA50035A44}.Release|Any CPU.Build.0 = Release|Any CPU
		{8BC6D7D5-2E12-4252-8C39-8A6004286381}.Debug|Any CPU.ActiveCfg = Debug|Any CPU
		{8BC6D7D5-2E12-4252-8C39-8A6004286381}.Debug|Any CPU.Build.0 = Debug|Any CPU
		{8BC6D7D5-2E12-4252-8C39-8A6004286381}.Release|Any CPU.ActiveCfg = Release|Any CPU
		{8BC6D7D5-2E12-4252-8C39-8A6004286381}.Release|Any CPU.Build.0 = Release|Any CPU
		{B88D0078-A987-4EAD-9270-B0939E3D2599}.Debug|Any CPU.ActiveCfg = Debug|Any CPU
		{B88D0078-A987-4EAD-9270-B0939E3D2599}.Debug|Any CPU.Build.0 = Debug|Any CPU
		{B88D0078-A987-4EAD-9270-B0939E3D2599}.Release|Any CPU.ActiveCfg = Release|Any CPU
		{B88D0078-A987-4EAD-9270-B0939E3D2599}.Release|Any CPU.Build.0 = Release|Any CPU
		{2FDCA4EF-9CCF-4313-A378-7D2A8DAA4CC7}.Debug|Any CPU.ActiveCfg = Debug|Any CPU
		{2FDCA4EF-9CCF-4313-A378-7D2A8DAA4CC7}.Debug|Any CPU.Build.0 = Debug|Any CPU
		{2FDCA4EF-9CCF-4313-A378-7D2A8DAA4CC7}.Release|Any CPU.ActiveCfg = Release|Any CPU
		{2FDCA4EF-9CCF-4313-A378-7D2A8DAA4CC7}.Release|Any CPU.Build.0 = Release|Any CPU
		{AD2BCECC-D1BD-42FC-8C8C-223D510CBB5F}.Debug|Any CPU.ActiveCfg = Debug|Any CPU
		{AD2BCECC-D1BD-42FC-8C8C-223D510CBB5F}.Debug|Any CPU.Build.0 = Debug|Any CPU
		{AD2BCECC-D1BD-42FC-8C8C-223D510CBB5F}.Release|Any CPU.ActiveCfg = Release|Any CPU
		{AD2BCECC-D1BD-42FC-8C8C-223D510CBB5F}.Release|Any CPU.Build.0 = Release|Any CPU
	EndGlobalSection
	GlobalSection(SolutionProperties) = preSolution
		HideSolutionNode = FALSE
	EndGlobalSection
	GlobalSection(NestedProjects) = preSolution
		{4CE1B85D-B268-4CFF-8C8A-820040374010} = {09B171E8-0FB1-493C-8512-6C0B60B630B2}
		{D072639E-54E2-48CC-96E1-AFAE691148C1} = {D412CF61-C65C-4B07-A828-4988595E87D3}
		{CBD17EB6-491C-4659-A0B9-B31948B3DD0D} = {D412CF61-C65C-4B07-A828-4988595E87D3}
		{26D3BF77-BF63-4EE4-BD7B-560142085DBA} = {D412CF61-C65C-4B07-A828-4988595E87D3}
		{68D593C6-2EFE-4CD6-AF84-FFCA50035A44} = {D412CF61-C65C-4B07-A828-4988595E87D3}
		{8BC6D7D5-2E12-4252-8C39-8A6004286381} = {D412CF61-C65C-4B07-A828-4988595E87D3}
		{B88D0078-A987-4EAD-9270-B0939E3D2599} = {D412CF61-C65C-4B07-A828-4988595E87D3}
		{09B171E8-0FB1-493C-8512-6C0B60B630B2} = {D412CF61-C65C-4B07-A828-4988595E87D3}
		{2FDCA4EF-9CCF-4313-A378-7D2A8DAA4CC7} = {D412CF61-C65C-4B07-A828-4988595E87D3}
	EndGlobalSection
	GlobalSection(ExtensibilityGlobals) = postSolution
		SolutionGuid = {6CA238DF-7243-4B5C-876E-6B9C63C90D25}
	EndGlobalSection
EndGlobal
