
Microsoft Visual Studio Solution File, Format Version 12.00
# Visual Studio Version 16
VisualStudioVersion = 16.0.29709.97
MinimumVisualStudioVersion = 10.0.40219.1
Project("{9A19103F-16F7-4668-BE54-9A1E7A4F7556}") = "Engine.Tests", "Engine.Tests\Engine.Tests.csproj", "{49541404-157C-4D50-AFAC-5EAFAC111945}"
EndProject
Project("{9A19103F-16F7-4668-BE54-9A1E7A4F7556}") = "Engine", "Engine\Engine.csproj", "{3A81126F-59DB-4088-AFCA-69ACBDB814EA}"
EndProject
Project("{FAE04EC0-301F-11D3-BF4B-00C04F79EFBC}") = "Game", "Game\Game.csproj", "{7DF6CF1E-20EA-4D6B-B509-9DC8DB181105}"
	ProjectSection(ProjectDependencies) = postProject
		{3A81126F-59DB-4088-AFCA-69ACBDB814EA} = {3A81126F-59DB-4088-AFCA-69ACBDB814EA}
	EndProjectSection
EndProject
Global
	GlobalSection(SolutionConfigurationPlatforms) = preSolution
		Debug|Any CPU = Debug|Any CPU
		Release|Any CPU = Release|Any CPU
	EndGlobalSection
	GlobalSection(ProjectConfigurationPlatforms) = postSolution
		{49541404-157C-4D50-AFAC-5EAFAC111945}.Debug|Any CPU.ActiveCfg = Debug|Any CPU
		{49541404-157C-4D50-AFAC-5EAFAC111945}.Debug|Any CPU.Build.0 = Debug|Any CPU
		{49541404-157C-4D50-AFAC-5EAFAC111945}.Release|Any CPU.ActiveCfg = Release|Any CPU
		{49541404-157C-4D50-AFAC-5EAFAC111945}.Release|Any CPU.Build.0 = Release|Any CPU
		{3A81126F-59DB-4088-AFCA-69ACBDB814EA}.Debug|Any CPU.ActiveCfg = Debug|Any CPU
		{3A81126F-59DB-4088-AFCA-69ACBDB814EA}.Debug|Any CPU.Build.0 = Debug|Any CPU
		{3A81126F-59DB-4088-AFCA-69ACBDB814EA}.Release|Any CPU.ActiveCfg = Release|Any CPU
		{3A81126F-59DB-4088-AFCA-69ACBDB814EA}.Release|Any CPU.Build.0 = Release|Any CPU
		{7DF6CF1E-20EA-4D6B-B509-9DC8DB181105}.Debug|Any CPU.ActiveCfg = Debug|Any CPU
		{7DF6CF1E-20EA-4D6B-B509-9DC8DB181105}.Debug|Any CPU.Build.0 = Debug|Any CPU
		{7DF6CF1E-20EA-4D6B-B509-9DC8DB181105}.Release|Any CPU.ActiveCfg = Release|Any CPU
		{7DF6CF1E-20EA-4D6B-B509-9DC8DB181105}.Release|Any CPU.Build.0 = Release|Any CPU
	EndGlobalSection
	GlobalSection(SolutionProperties) = preSolution
		HideSolutionNode = FALSE
	EndGlobalSection
	GlobalSection(ExtensibilityGlobals) = postSolution
		SolutionGuid = {6CA238DF-7243-4B5C-876E-6B9C63C90D25}
	EndGlobalSection
EndGlobal
